// !$*UTF8*$!
{
	archiveVersion = 1;
	classes = {
	};
	objectVersion = 46;
	objects = {

/* Begin PBXBuildFile section */
		6A400CFFD8C7D887A9C4E9D5 /* libPods-EZKit.a in Frameworks */ = {isa = PBXBuildFile; fileRef = 5F3535134BD77354B1D64817 /* libPods-EZKit.a */; };
		7778B6DA1CE491DB006534A9 /* main.m in Sources */ = {isa = PBXBuildFile; fileRef = 7778B6D91CE491DB006534A9 /* main.m */; };
		7778B6DD1CE491DB006534A9 /* AppDelegate.m in Sources */ = {isa = PBXBuildFile; fileRef = 7778B6DC1CE491DB006534A9 /* AppDelegate.m */; };
		7778B6E01CE491DB006534A9 /* ViewController.m in Sources */ = {isa = PBXBuildFile; fileRef = 7778B6DF1CE491DB006534A9 /* ViewController.m */; };
		7778B6E31CE491DB006534A9 /* Main.storyboard in Resources */ = {isa = PBXBuildFile; fileRef = 7778B6E11CE491DB006534A9 /* Main.storyboard */; };
		7778B6E51CE491DB006534A9 /* Assets.xcassets in Resources */ = {isa = PBXBuildFile; fileRef = 7778B6E41CE491DB006534A9 /* Assets.xcassets */; };
		7778B6E81CE491DB006534A9 /* LaunchScreen.storyboard in Resources */ = {isa = PBXBuildFile; fileRef = 7778B6E61CE491DB006534A9 /* LaunchScreen.storyboard */; };
		7778B7181CE4922C006534A9 /* EZDismissAlertAnimator.m in Sources */ = {isa = PBXBuildFile; fileRef = 7778B6F21CE4922C006534A9 /* EZDismissAlertAnimator.m */; };
		7778B7191CE4922C006534A9 /* EZPresentAlertAnimator.m in Sources */ = {isa = PBXBuildFile; fileRef = 7778B6F41CE4922C006534A9 /* EZPresentAlertAnimator.m */; };
		7778B71A1CE4922C006534A9 /* NSArray+EZKit.m in Sources */ = {isa = PBXBuildFile; fileRef = 7778B6F71CE4922C006534A9 /* NSArray+EZKit.m */; };
		7778B71B1CE4922C006534A9 /* NSDictionary+EZKit.m in Sources */ = {isa = PBXBuildFile; fileRef = 7778B6F91CE4922C006534A9 /* NSDictionary+EZKit.m */; };
		7778B71C1CE4922C006534A9 /* NSMutableArray+EZKit.m in Sources */ = {isa = PBXBuildFile; fileRef = 7778B6FB1CE4922C006534A9 /* NSMutableArray+EZKit.m */; };
		7778B71D1CE4922C006534A9 /* NSObject+EZKit.m in Sources */ = {isa = PBXBuildFile; fileRef = 7778B6FD1CE4922C006534A9 /* NSObject+EZKit.m */; };
		7778B71E1CE4922C006534A9 /* NSString+EZKit.m in Sources */ = {isa = PBXBuildFile; fileRef = 7778B6FF1CE4922C006534A9 /* NSString+EZKit.m */; };
		7778B71F1CE4922C006534A9 /* UIColor+EZKit.m in Sources */ = {isa = PBXBuildFile; fileRef = 7778B7011CE4922C006534A9 /* UIColor+EZKit.m */; };
		7778B7201CE4922C006534A9 /* UIView+EZKit.m in Sources */ = {isa = PBXBuildFile; fileRef = 7778B7031CE4922C006534A9 /* UIView+EZKit.m */; };
		7778B7211CE4922C006534A9 /* UIViewController+EZKit.m in Sources */ = {isa = PBXBuildFile; fileRef = 7778B7051CE4922C006534A9 /* UIViewController+EZKit.m */; };
		7778B7221CE4922C006534A9 /* EZCacheManager.m in Sources */ = {isa = PBXBuildFile; fileRef = 7778B70A1CE4922C006534A9 /* EZCacheManager.m */; };
		7778B7231CE4922C006534A9 /* EZDeviceManager.m in Sources */ = {isa = PBXBuildFile; fileRef = 7778B70C1CE4922C006534A9 /* EZDeviceManager.m */; };
		7778B7241CE4922C006534A9 /* EZHudManager.m in Sources */ = {isa = PBXBuildFile; fileRef = 7778B70E1CE4922C006534A9 /* EZHudManager.m */; };
		7778B7251CE4922C006534A9 /* EZNetworkAgent.m in Sources */ = {isa = PBXBuildFile; fileRef = 7778B7111CE4922C006534A9 /* EZNetworkAgent.m */; };
		7778B7271CE4922C006534A9 /* EZNetworkConfig.m in Sources */ = {isa = PBXBuildFile; fileRef = 7778B7151CE4922C006534A9 /* EZNetworkConfig.m */; };
		7778B7281CE4922C006534A9 /* EZRequest.m in Sources */ = {isa = PBXBuildFile; fileRef = 7778B7171CE4922C006534A9 /* EZRequest.m */; };
		7778B72B1CE492EF006534A9 /* TestApi.m in Sources */ = {isa = PBXBuildFile; fileRef = 7778B72A1CE492EF006534A9 /* TestApi.m */; };
		7778B7301CE492FD006534A9 /* CustomViewController.m in Sources */ = {isa = PBXBuildFile; fileRef = 7778B72D1CE492FD006534A9 /* CustomViewController.m */; };
		7778B7311CE492FD006534A9 /* TestViewController.m in Sources */ = {isa = PBXBuildFile; fileRef = 7778B72F1CE492FD006534A9 /* TestViewController.m */; };
		778D1C011CE4DCE400E9619C /* Argument.m in Sources */ = {isa = PBXBuildFile; fileRef = 778D1C001CE4DCE400E9619C /* Argument.m */; };
		778D1C041CE4F8E200E9619C /* EZNetworkArgument.m in Sources */ = {isa = PBXBuildFile; fileRef = 778D1C031CE4F8E200E9619C /* EZNetworkArgument.m */; };
		77FDF1FC1CE6CF0B00B21E2E /* Model.m in Sources */ = {isa = PBXBuildFile; fileRef = 77FDF1FB1CE6CF0B00B21E2E /* Model.m */; };
		77FDF2131CE6E91100B21E2E /* MJExtensionConst.m in Sources */ = {isa = PBXBuildFile; fileRef = 77FDF2001CE6E91100B21E2E /* MJExtensionConst.m */; };
		77FDF2141CE6E91100B21E2E /* MJFoundation.m in Sources */ = {isa = PBXBuildFile; fileRef = 77FDF2021CE6E91100B21E2E /* MJFoundation.m */; };
		77FDF2151CE6E91100B21E2E /* MJProperty.m in Sources */ = {isa = PBXBuildFile; fileRef = 77FDF2041CE6E91100B21E2E /* MJProperty.m */; };
		77FDF2161CE6E91100B21E2E /* MJPropertyKey.m in Sources */ = {isa = PBXBuildFile; fileRef = 77FDF2061CE6E91100B21E2E /* MJPropertyKey.m */; };
		77FDF2171CE6E91100B21E2E /* MJPropertyType.m in Sources */ = {isa = PBXBuildFile; fileRef = 77FDF2081CE6E91100B21E2E /* MJPropertyType.m */; };
		77FDF2181CE6E91100B21E2E /* NSObject+MJClass.m in Sources */ = {isa = PBXBuildFile; fileRef = 77FDF20A1CE6E91100B21E2E /* NSObject+MJClass.m */; };
		77FDF2191CE6E91100B21E2E /* NSObject+MJCoding.m in Sources */ = {isa = PBXBuildFile; fileRef = 77FDF20C1CE6E91100B21E2E /* NSObject+MJCoding.m */; };
		77FDF21A1CE6E91100B21E2E /* NSObject+MJKeyValue.m in Sources */ = {isa = PBXBuildFile; fileRef = 77FDF20E1CE6E91100B21E2E /* NSObject+MJKeyValue.m */; };
		77FDF21B1CE6E91100B21E2E /* NSObject+MJProperty.m in Sources */ = {isa = PBXBuildFile; fileRef = 77FDF2101CE6E91100B21E2E /* NSObject+MJProperty.m */; };
		77FDF21C1CE6E91100B21E2E /* NSString+MJExtension.m in Sources */ = {isa = PBXBuildFile; fileRef = 77FDF2121CE6E91100B21E2E /* NSString+MJExtension.m */; };
/* End PBXBuildFile section */

/* Begin PBXFileReference section */
		19FFF69EEB938D789E57B60E /* Pods-EZKit.release.xcconfig */ = {isa = PBXFileReference; includeInIndex = 1; lastKnownFileType = text.xcconfig; name = "Pods-EZKit.release.xcconfig"; path = "Pods/Target Support Files/Pods-EZKit/Pods-EZKit.release.xcconfig"; sourceTree = "<group>"; };
		5F3535134BD77354B1D64817 /* libPods-EZKit.a */ = {isa = PBXFileReference; explicitFileType = archive.ar; includeInIndex = 0; path = "libPods-EZKit.a"; sourceTree = BUILT_PRODUCTS_DIR; };
		7778B6D51CE491DB006534A9 /* EZKit.app */ = {isa = PBXFileReference; explicitFileType = wrapper.application; includeInIndex = 0; path = EZKit.app; sourceTree = BUILT_PRODUCTS_DIR; };
		7778B6D91CE491DB006534A9 /* main.m */ = {isa = PBXFileReference; lastKnownFileType = sourcecode.c.objc; path = main.m; sourceTree = "<group>"; };
		7778B6DB1CE491DB006534A9 /* AppDelegate.h */ = {isa = PBXFileReference; lastKnownFileType = sourcecode.c.h; path = AppDelegate.h; sourceTree = "<group>"; };
		7778B6DC1CE491DB006534A9 /* AppDelegate.m */ = {isa = PBXFileReference; lastKnownFileType = sourcecode.c.objc; path = AppDelegate.m; sourceTree = "<group>"; };
		7778B6DE1CE491DB006534A9 /* ViewController.h */ = {isa = PBXFileReference; lastKnownFileType = sourcecode.c.h; path = ViewController.h; sourceTree = "<group>"; };
		7778B6DF1CE491DB006534A9 /* ViewController.m */ = {isa = PBXFileReference; lastKnownFileType = sourcecode.c.objc; path = ViewController.m; sourceTree = "<group>"; };
		7778B6E21CE491DB006534A9 /* Base */ = {isa = PBXFileReference; lastKnownFileType = file.storyboard; name = Base; path = Base.lproj/Main.storyboard; sourceTree = "<group>"; };
		7778B6E41CE491DB006534A9 /* Assets.xcassets */ = {isa = PBXFileReference; lastKnownFileType = folder.assetcatalog; path = Assets.xcassets; sourceTree = "<group>"; };
		7778B6E71CE491DB006534A9 /* Base */ = {isa = PBXFileReference; lastKnownFileType = file.storyboard; name = Base; path = Base.lproj/LaunchScreen.storyboard; sourceTree = "<group>"; };
		7778B6E91CE491DB006534A9 /* Info.plist */ = {isa = PBXFileReference; lastKnownFileType = text.plist.xml; path = Info.plist; sourceTree = "<group>"; };
		7778B6F11CE4922C006534A9 /* EZDismissAlertAnimator.h */ = {isa = PBXFileReference; fileEncoding = 4; lastKnownFileType = sourcecode.c.h; path = EZDismissAlertAnimator.h; sourceTree = "<group>"; };
		7778B6F21CE4922C006534A9 /* EZDismissAlertAnimator.m */ = {isa = PBXFileReference; fileEncoding = 4; lastKnownFileType = sourcecode.c.objc; path = EZDismissAlertAnimator.m; sourceTree = "<group>"; };
		7778B6F31CE4922C006534A9 /* EZPresentAlertAnimator.h */ = {isa = PBXFileReference; fileEncoding = 4; lastKnownFileType = sourcecode.c.h; path = EZPresentAlertAnimator.h; sourceTree = "<group>"; };
		7778B6F41CE4922C006534A9 /* EZPresentAlertAnimator.m */ = {isa = PBXFileReference; fileEncoding = 4; lastKnownFileType = sourcecode.c.objc; path = EZPresentAlertAnimator.m; sourceTree = "<group>"; };
		7778B6F61CE4922C006534A9 /* NSArray+EZKit.h */ = {isa = PBXFileReference; fileEncoding = 4; lastKnownFileType = sourcecode.c.h; path = "NSArray+EZKit.h"; sourceTree = "<group>"; };
		7778B6F71CE4922C006534A9 /* NSArray+EZKit.m */ = {isa = PBXFileReference; fileEncoding = 4; lastKnownFileType = sourcecode.c.objc; path = "NSArray+EZKit.m"; sourceTree = "<group>"; };
		7778B6F81CE4922C006534A9 /* NSDictionary+EZKit.h */ = {isa = PBXFileReference; fileEncoding = 4; lastKnownFileType = sourcecode.c.h; path = "NSDictionary+EZKit.h"; sourceTree = "<group>"; };
		7778B6F91CE4922C006534A9 /* NSDictionary+EZKit.m */ = {isa = PBXFileReference; fileEncoding = 4; lastKnownFileType = sourcecode.c.objc; path = "NSDictionary+EZKit.m"; sourceTree = "<group>"; };
		7778B6FA1CE4922C006534A9 /* NSMutableArray+EZKit.h */ = {isa = PBXFileReference; fileEncoding = 4; lastKnownFileType = sourcecode.c.h; path = "NSMutableArray+EZKit.h"; sourceTree = "<group>"; };
		7778B6FB1CE4922C006534A9 /* NSMutableArray+EZKit.m */ = {isa = PBXFileReference; fileEncoding = 4; lastKnownFileType = sourcecode.c.objc; path = "NSMutableArray+EZKit.m"; sourceTree = "<group>"; };
		7778B6FC1CE4922C006534A9 /* NSObject+EZKit.h */ = {isa = PBXFileReference; fileEncoding = 4; lastKnownFileType = sourcecode.c.h; path = "NSObject+EZKit.h"; sourceTree = "<group>"; };
		7778B6FD1CE4922C006534A9 /* NSObject+EZKit.m */ = {isa = PBXFileReference; fileEncoding = 4; lastKnownFileType = sourcecode.c.objc; path = "NSObject+EZKit.m"; sourceTree = "<group>"; };
		7778B6FE1CE4922C006534A9 /* NSString+EZKit.h */ = {isa = PBXFileReference; fileEncoding = 4; lastKnownFileType = sourcecode.c.h; path = "NSString+EZKit.h"; sourceTree = "<group>"; };
		7778B6FF1CE4922C006534A9 /* NSString+EZKit.m */ = {isa = PBXFileReference; fileEncoding = 4; lastKnownFileType = sourcecode.c.objc; path = "NSString+EZKit.m"; sourceTree = "<group>"; };
		7778B7001CE4922C006534A9 /* UIColor+EZKit.h */ = {isa = PBXFileReference; fileEncoding = 4; lastKnownFileType = sourcecode.c.h; path = "UIColor+EZKit.h"; sourceTree = "<group>"; };
		7778B7011CE4922C006534A9 /* UIColor+EZKit.m */ = {isa = PBXFileReference; fileEncoding = 4; lastKnownFileType = sourcecode.c.objc; path = "UIColor+EZKit.m"; sourceTree = "<group>"; };
		7778B7021CE4922C006534A9 /* UIView+EZKit.h */ = {isa = PBXFileReference; fileEncoding = 4; lastKnownFileType = sourcecode.c.h; path = "UIView+EZKit.h"; sourceTree = "<group>"; };
		7778B7031CE4922C006534A9 /* UIView+EZKit.m */ = {isa = PBXFileReference; fileEncoding = 4; lastKnownFileType = sourcecode.c.objc; path = "UIView+EZKit.m"; sourceTree = "<group>"; };
		7778B7041CE4922C006534A9 /* UIViewController+EZKit.h */ = {isa = PBXFileReference; fileEncoding = 4; lastKnownFileType = sourcecode.c.h; path = "UIViewController+EZKit.h"; sourceTree = "<group>"; };
		7778B7051CE4922C006534A9 /* UIViewController+EZKit.m */ = {isa = PBXFileReference; fileEncoding = 4; lastKnownFileType = sourcecode.c.objc; path = "UIViewController+EZKit.m"; sourceTree = "<group>"; };
		7778B7061CE4922C006534A9 /* EZKit.h */ = {isa = PBXFileReference; fileEncoding = 4; lastKnownFileType = sourcecode.c.h; path = EZKit.h; sourceTree = "<group>"; };
		7778B7071CE4922C006534A9 /* EZKitDefine.h */ = {isa = PBXFileReference; fileEncoding = 4; lastKnownFileType = sourcecode.c.h; path = EZKitDefine.h; sourceTree = "<group>"; };
		7778B7091CE4922C006534A9 /* EZCacheManager.h */ = {isa = PBXFileReference; fileEncoding = 4; lastKnownFileType = sourcecode.c.h; path = EZCacheManager.h; sourceTree = "<group>"; };
		7778B70A1CE4922C006534A9 /* EZCacheManager.m */ = {isa = PBXFileReference; fileEncoding = 4; lastKnownFileType = sourcecode.c.objc; path = EZCacheManager.m; sourceTree = "<group>"; };
		7778B70B1CE4922C006534A9 /* EZDeviceManager.h */ = {isa = PBXFileReference; fileEncoding = 4; lastKnownFileType = sourcecode.c.h; path = EZDeviceManager.h; sourceTree = "<group>"; };
		7778B70C1CE4922C006534A9 /* EZDeviceManager.m */ = {isa = PBXFileReference; fileEncoding = 4; lastKnownFileType = sourcecode.c.objc; path = EZDeviceManager.m; sourceTree = "<group>"; };
		7778B70D1CE4922C006534A9 /* EZHudManager.h */ = {isa = PBXFileReference; fileEncoding = 4; lastKnownFileType = sourcecode.c.h; path = EZHudManager.h; sourceTree = "<group>"; };
		7778B70E1CE4922C006534A9 /* EZHudManager.m */ = {isa = PBXFileReference; fileEncoding = 4; lastKnownFileType = sourcecode.c.objc; path = EZHudManager.m; sourceTree = "<group>"; };
		7778B7101CE4922C006534A9 /* EZNetworkAgent.h */ = {isa = PBXFileReference; fileEncoding = 4; lastKnownFileType = sourcecode.c.h; path = EZNetworkAgent.h; sourceTree = "<group>"; };
		7778B7111CE4922C006534A9 /* EZNetworkAgent.m */ = {isa = PBXFileReference; fileEncoding = 4; lastKnownFileType = sourcecode.c.objc; path = EZNetworkAgent.m; sourceTree = "<group>"; };
		7778B7141CE4922C006534A9 /* EZNetworkConfig.h */ = {isa = PBXFileReference; fileEncoding = 4; lastKnownFileType = sourcecode.c.h; path = EZNetworkConfig.h; sourceTree = "<group>"; };
		7778B7151CE4922C006534A9 /* EZNetworkConfig.m */ = {isa = PBXFileReference; fileEncoding = 4; lastKnownFileType = sourcecode.c.objc; path = EZNetworkConfig.m; sourceTree = "<group>"; };
		7778B7161CE4922C006534A9 /* EZRequest.h */ = {isa = PBXFileReference; fileEncoding = 4; lastKnownFileType = sourcecode.c.h; path = EZRequest.h; sourceTree = "<group>"; };
		7778B7171CE4922C006534A9 /* EZRequest.m */ = {isa = PBXFileReference; fileEncoding = 4; lastKnownFileType = sourcecode.c.objc; path = EZRequest.m; sourceTree = "<group>"; };
		7778B7291CE492EF006534A9 /* TestApi.h */ = {isa = PBXFileReference; fileEncoding = 4; lastKnownFileType = sourcecode.c.h; path = TestApi.h; sourceTree = "<group>"; };
		7778B72A1CE492EF006534A9 /* TestApi.m */ = {isa = PBXFileReference; fileEncoding = 4; lastKnownFileType = sourcecode.c.objc; path = TestApi.m; sourceTree = "<group>"; };
		7778B72C1CE492FD006534A9 /* CustomViewController.h */ = {isa = PBXFileReference; fileEncoding = 4; lastKnownFileType = sourcecode.c.h; path = CustomViewController.h; sourceTree = "<group>"; };
		7778B72D1CE492FD006534A9 /* CustomViewController.m */ = {isa = PBXFileReference; fileEncoding = 4; lastKnownFileType = sourcecode.c.objc; path = CustomViewController.m; sourceTree = "<group>"; };
		7778B72E1CE492FD006534A9 /* TestViewController.h */ = {isa = PBXFileReference; fileEncoding = 4; lastKnownFileType = sourcecode.c.h; path = TestViewController.h; sourceTree = "<group>"; };
		7778B72F1CE492FD006534A9 /* TestViewController.m */ = {isa = PBXFileReference; fileEncoding = 4; lastKnownFileType = sourcecode.c.objc; path = TestViewController.m; sourceTree = "<group>"; };
		778D1BFF1CE4DCE400E9619C /* Argument.h */ = {isa = PBXFileReference; fileEncoding = 4; lastKnownFileType = sourcecode.c.h; path = Argument.h; sourceTree = "<group>"; };
		778D1C001CE4DCE400E9619C /* Argument.m */ = {isa = PBXFileReference; fileEncoding = 4; lastKnownFileType = sourcecode.c.objc; path = Argument.m; sourceTree = "<group>"; };
		778D1C021CE4F8E200E9619C /* EZNetworkArgument.h */ = {isa = PBXFileReference; fileEncoding = 4; lastKnownFileType = sourcecode.c.h; path = EZNetworkArgument.h; sourceTree = "<group>"; };
		778D1C031CE4F8E200E9619C /* EZNetworkArgument.m */ = {isa = PBXFileReference; fileEncoding = 4; lastKnownFileType = sourcecode.c.objc; path = EZNetworkArgument.m; sourceTree = "<group>"; };
		77FDF1FA1CE6CF0B00B21E2E /* Model.h */ = {isa = PBXFileReference; fileEncoding = 4; lastKnownFileType = sourcecode.c.h; path = Model.h; sourceTree = "<group>"; };
		77FDF1FB1CE6CF0B00B21E2E /* Model.m */ = {isa = PBXFileReference; fileEncoding = 4; lastKnownFileType = sourcecode.c.objc; path = Model.m; sourceTree = "<group>"; };
		77FDF1FE1CE6E91100B21E2E /* MJExtension.h */ = {isa = PBXFileReference; fileEncoding = 4; lastKnownFileType = sourcecode.c.h; path = MJExtension.h; sourceTree = "<group>"; };
		77FDF1FF1CE6E91100B21E2E /* MJExtensionConst.h */ = {isa = PBXFileReference; fileEncoding = 4; lastKnownFileType = sourcecode.c.h; path = MJExtensionConst.h; sourceTree = "<group>"; };
		77FDF2001CE6E91100B21E2E /* MJExtensionConst.m */ = {isa = PBXFileReference; fileEncoding = 4; lastKnownFileType = sourcecode.c.objc; path = MJExtensionConst.m; sourceTree = "<group>"; };
		77FDF2011CE6E91100B21E2E /* MJFoundation.h */ = {isa = PBXFileReference; fileEncoding = 4; lastKnownFileType = sourcecode.c.h; path = MJFoundation.h; sourceTree = "<group>"; };
		77FDF2021CE6E91100B21E2E /* MJFoundation.m */ = {isa = PBXFileReference; fileEncoding = 4; lastKnownFileType = sourcecode.c.objc; path = MJFoundation.m; sourceTree = "<group>"; };
		77FDF2031CE6E91100B21E2E /* MJProperty.h */ = {isa = PBXFileReference; fileEncoding = 4; lastKnownFileType = sourcecode.c.h; path = MJProperty.h; sourceTree = "<group>"; };
		77FDF2041CE6E91100B21E2E /* MJProperty.m */ = {isa = PBXFileReference; fileEncoding = 4; lastKnownFileType = sourcecode.c.objc; path = MJProperty.m; sourceTree = "<group>"; };
		77FDF2051CE6E91100B21E2E /* MJPropertyKey.h */ = {isa = PBXFileReference; fileEncoding = 4; lastKnownFileType = sourcecode.c.h; path = MJPropertyKey.h; sourceTree = "<group>"; };
		77FDF2061CE6E91100B21E2E /* MJPropertyKey.m */ = {isa = PBXFileReference; fileEncoding = 4; lastKnownFileType = sourcecode.c.objc; path = MJPropertyKey.m; sourceTree = "<group>"; };
		77FDF2071CE6E91100B21E2E /* MJPropertyType.h */ = {isa = PBXFileReference; fileEncoding = 4; lastKnownFileType = sourcecode.c.h; path = MJPropertyType.h; sourceTree = "<group>"; };
		77FDF2081CE6E91100B21E2E /* MJPropertyType.m */ = {isa = PBXFileReference; fileEncoding = 4; lastKnownFileType = sourcecode.c.objc; path = MJPropertyType.m; sourceTree = "<group>"; };
		77FDF2091CE6E91100B21E2E /* NSObject+MJClass.h */ = {isa = PBXFileReference; fileEncoding = 4; lastKnownFileType = sourcecode.c.h; path = "NSObject+MJClass.h"; sourceTree = "<group>"; };
		77FDF20A1CE6E91100B21E2E /* NSObject+MJClass.m */ = {isa = PBXFileReference; fileEncoding = 4; lastKnownFileType = sourcecode.c.objc; path = "NSObject+MJClass.m"; sourceTree = "<group>"; };
		77FDF20B1CE6E91100B21E2E /* NSObject+MJCoding.h */ = {isa = PBXFileReference; fileEncoding = 4; lastKnownFileType = sourcecode.c.h; path = "NSObject+MJCoding.h"; sourceTree = "<group>"; };
		77FDF20C1CE6E91100B21E2E /* NSObject+MJCoding.m */ = {isa = PBXFileReference; fileEncoding = 4; lastKnownFileType = sourcecode.c.objc; path = "NSObject+MJCoding.m"; sourceTree = "<group>"; };
		77FDF20D1CE6E91100B21E2E /* NSObject+MJKeyValue.h */ = {isa = PBXFileReference; fileEncoding = 4; lastKnownFileType = sourcecode.c.h; path = "NSObject+MJKeyValue.h"; sourceTree = "<group>"; };
		77FDF20E1CE6E91100B21E2E /* NSObject+MJKeyValue.m */ = {isa = PBXFileReference; fileEncoding = 4; lastKnownFileType = sourcecode.c.objc; path = "NSObject+MJKeyValue.m"; sourceTree = "<group>"; };
		77FDF20F1CE6E91100B21E2E /* NSObject+MJProperty.h */ = {isa = PBXFileReference; fileEncoding = 4; lastKnownFileType = sourcecode.c.h; path = "NSObject+MJProperty.h"; sourceTree = "<group>"; };
		77FDF2101CE6E91100B21E2E /* NSObject+MJProperty.m */ = {isa = PBXFileReference; fileEncoding = 4; lastKnownFileType = sourcecode.c.objc; path = "NSObject+MJProperty.m"; sourceTree = "<group>"; };
		77FDF2111CE6E91100B21E2E /* NSString+MJExtension.h */ = {isa = PBXFileReference; fileEncoding = 4; lastKnownFileType = sourcecode.c.h; path = "NSString+MJExtension.h"; sourceTree = "<group>"; };
		77FDF2121CE6E91100B21E2E /* NSString+MJExtension.m */ = {isa = PBXFileReference; fileEncoding = 4; lastKnownFileType = sourcecode.c.objc; path = "NSString+MJExtension.m"; sourceTree = "<group>"; };
		AF375DA0B7BDA81FD8DAAC54 /* Pods-EZKit.debug.xcconfig */ = {isa = PBXFileReference; includeInIndex = 1; lastKnownFileType = text.xcconfig; name = "Pods-EZKit.debug.xcconfig"; path = "Pods/Target Support Files/Pods-EZKit/Pods-EZKit.debug.xcconfig"; sourceTree = "<group>"; };
/* End PBXFileReference section */

/* Begin PBXFrameworksBuildPhase section */
		7778B6D21CE491DB006534A9 /* Frameworks */ = {
			isa = PBXFrameworksBuildPhase;
			buildActionMask = 2147483647;
			files = (
				6A400CFFD8C7D887A9C4E9D5 /* libPods-EZKit.a in Frameworks */,
			);
			runOnlyForDeploymentPostprocessing = 0;
		};
/* End PBXFrameworksBuildPhase section */

/* Begin PBXGroup section */
		5463A11170E498395BA29E4D /* Pods */ = {
			isa = PBXGroup;
			children = (
				AF375DA0B7BDA81FD8DAAC54 /* Pods-EZKit.debug.xcconfig */,
				19FFF69EEB938D789E57B60E /* Pods-EZKit.release.xcconfig */,
			);
			name = Pods;
			sourceTree = "<group>";
		};
		5F949CB7D834448814EC112D /* Frameworks */ = {
			isa = PBXGroup;
			children = (
				5F3535134BD77354B1D64817 /* libPods-EZKit.a */,
			);
			name = Frameworks;
			sourceTree = "<group>";
		};
		7778B6CC1CE491DB006534A9 = {
			isa = PBXGroup;
			children = (
				7778B6D71CE491DB006534A9 /* EZKit */,
				7778B6D61CE491DB006534A9 /* Products */,
				5463A11170E498395BA29E4D /* Pods */,
				5F949CB7D834448814EC112D /* Frameworks */,
			);
			sourceTree = "<group>";
		};
		7778B6D61CE491DB006534A9 /* Products */ = {
			isa = PBXGroup;
			children = (
				7778B6D51CE491DB006534A9 /* EZKit.app */,
			);
			name = Products;
			sourceTree = "<group>";
		};
		7778B6D71CE491DB006534A9 /* EZKit */ = {
			isa = PBXGroup;
			children = (
				7778B6EF1CE4922C006534A9 /* EZKit */,
				77FDF1FD1CE6E91100B21E2E /* MJExtension */,
				7778B6DB1CE491DB006534A9 /* AppDelegate.h */,
				7778B6DC1CE491DB006534A9 /* AppDelegate.m */,
				7778B6DE1CE491DB006534A9 /* ViewController.h */,
				7778B6DF1CE491DB006534A9 /* ViewController.m */,
				77FDF1FA1CE6CF0B00B21E2E /* Model.h */,
				77FDF1FB1CE6CF0B00B21E2E /* Model.m */,
				778D1BFF1CE4DCE400E9619C /* Argument.h */,
				778D1C001CE4DCE400E9619C /* Argument.m */,
				7778B7291CE492EF006534A9 /* TestApi.h */,
				7778B72A1CE492EF006534A9 /* TestApi.m */,
				7778B72C1CE492FD006534A9 /* CustomViewController.h */,
				7778B72D1CE492FD006534A9 /* CustomViewController.m */,
				7778B72E1CE492FD006534A9 /* TestViewController.h */,
				7778B72F1CE492FD006534A9 /* TestViewController.m */,
				7778B6E11CE491DB006534A9 /* Main.storyboard */,
				7778B6E41CE491DB006534A9 /* Assets.xcassets */,
				7778B6E61CE491DB006534A9 /* LaunchScreen.storyboard */,
				7778B6E91CE491DB006534A9 /* Info.plist */,
				7778B6D81CE491DB006534A9 /* Supporting Files */,
			);
			path = EZKit;
			sourceTree = "<group>";
		};
		7778B6D81CE491DB006534A9 /* Supporting Files */ = {
			isa = PBXGroup;
			children = (
				7778B6D91CE491DB006534A9 /* main.m */,
			);
			name = "Supporting Files";
			sourceTree = "<group>";
		};
		7778B6EF1CE4922C006534A9 /* EZKit */ = {
			isa = PBXGroup;
			children = (
				7778B7061CE4922C006534A9 /* EZKit.h */,
				7778B7071CE4922C006534A9 /* EZKitDefine.h */,
				7778B6F01CE4922C006534A9 /* Animator */,
				7778B6F51CE4922C006534A9 /* Category */,
				7778B7081CE4922C006534A9 /* Foundation */,
				7778B70F1CE4922C006534A9 /* Network */,
			);
			path = EZKit;
			sourceTree = "<group>";
		};
		7778B6F01CE4922C006534A9 /* Animator */ = {
			isa = PBXGroup;
			children = (
				7778B6F11CE4922C006534A9 /* EZDismissAlertAnimator.h */,
				7778B6F21CE4922C006534A9 /* EZDismissAlertAnimator.m */,
				7778B6F31CE4922C006534A9 /* EZPresentAlertAnimator.h */,
				7778B6F41CE4922C006534A9 /* EZPresentAlertAnimator.m */,
			);
			path = Animator;
			sourceTree = "<group>";
		};
		7778B6F51CE4922C006534A9 /* Category */ = {
			isa = PBXGroup;
			children = (
				7778B6F61CE4922C006534A9 /* NSArray+EZKit.h */,
				7778B6F71CE4922C006534A9 /* NSArray+EZKit.m */,
				7778B6F81CE4922C006534A9 /* NSDictionary+EZKit.h */,
				7778B6F91CE4922C006534A9 /* NSDictionary+EZKit.m */,
				7778B6FA1CE4922C006534A9 /* NSMutableArray+EZKit.h */,
				7778B6FB1CE4922C006534A9 /* NSMutableArray+EZKit.m */,
				7778B6FC1CE4922C006534A9 /* NSObject+EZKit.h */,
				7778B6FD1CE4922C006534A9 /* NSObject+EZKit.m */,
				7778B6FE1CE4922C006534A9 /* NSString+EZKit.h */,
				7778B6FF1CE4922C006534A9 /* NSString+EZKit.m */,
				7778B7001CE4922C006534A9 /* UIColor+EZKit.h */,
				7778B7011CE4922C006534A9 /* UIColor+EZKit.m */,
				7778B7021CE4922C006534A9 /* UIView+EZKit.h */,
				7778B7031CE4922C006534A9 /* UIView+EZKit.m */,
				7778B7041CE4922C006534A9 /* UIViewController+EZKit.h */,
				7778B7051CE4922C006534A9 /* UIViewController+EZKit.m */,
			);
			path = Category;
			sourceTree = "<group>";
		};
		7778B7081CE4922C006534A9 /* Foundation */ = {
			isa = PBXGroup;
			children = (
				7778B7091CE4922C006534A9 /* EZCacheManager.h */,
				7778B70A1CE4922C006534A9 /* EZCacheManager.m */,
				7778B70B1CE4922C006534A9 /* EZDeviceManager.h */,
				7778B70C1CE4922C006534A9 /* EZDeviceManager.m */,
				7778B70D1CE4922C006534A9 /* EZHudManager.h */,
				7778B70E1CE4922C006534A9 /* EZHudManager.m */,
			);
			path = Foundation;
			sourceTree = "<group>";
		};
		7778B70F1CE4922C006534A9 /* Network */ = {
			isa = PBXGroup;
			children = (
				7778B7101CE4922C006534A9 /* EZNetworkAgent.h */,
				7778B7111CE4922C006534A9 /* EZNetworkAgent.m */,
				7778B7141CE4922C006534A9 /* EZNetworkConfig.h */,
				7778B7151CE4922C006534A9 /* EZNetworkConfig.m */,
				778D1C021CE4F8E200E9619C /* EZNetworkArgument.h */,
				778D1C031CE4F8E200E9619C /* EZNetworkArgument.m */,
				7778B7161CE4922C006534A9 /* EZRequest.h */,
				7778B7171CE4922C006534A9 /* EZRequest.m */,
			);
			path = Network;
			sourceTree = "<group>";
		};
		77FDF1FD1CE6E91100B21E2E /* MJExtension */ = {
			isa = PBXGroup;
			children = (
				77FDF1FE1CE6E91100B21E2E /* MJExtension.h */,
				77FDF1FF1CE6E91100B21E2E /* MJExtensionConst.h */,
				77FDF2001CE6E91100B21E2E /* MJExtensionConst.m */,
				77FDF2011CE6E91100B21E2E /* MJFoundation.h */,
				77FDF2021CE6E91100B21E2E /* MJFoundation.m */,
				77FDF2031CE6E91100B21E2E /* MJProperty.h */,
				77FDF2041CE6E91100B21E2E /* MJProperty.m */,
				77FDF2051CE6E91100B21E2E /* MJPropertyKey.h */,
				77FDF2061CE6E91100B21E2E /* MJPropertyKey.m */,
				77FDF2071CE6E91100B21E2E /* MJPropertyType.h */,
				77FDF2081CE6E91100B21E2E /* MJPropertyType.m */,
				77FDF2091CE6E91100B21E2E /* NSObject+MJClass.h */,
				77FDF20A1CE6E91100B21E2E /* NSObject+MJClass.m */,
				77FDF20B1CE6E91100B21E2E /* NSObject+MJCoding.h */,
				77FDF20C1CE6E91100B21E2E /* NSObject+MJCoding.m */,
				77FDF20D1CE6E91100B21E2E /* NSObject+MJKeyValue.h */,
				77FDF20E1CE6E91100B21E2E /* NSObject+MJKeyValue.m */,
				77FDF20F1CE6E91100B21E2E /* NSObject+MJProperty.h */,
				77FDF2101CE6E91100B21E2E /* NSObject+MJProperty.m */,
				77FDF2111CE6E91100B21E2E /* NSString+MJExtension.h */,
				77FDF2121CE6E91100B21E2E /* NSString+MJExtension.m */,
			);
			path = MJExtension;
			sourceTree = "<group>";
		};
/* End PBXGroup section */

/* Begin PBXNativeTarget section */
		7778B6D41CE491DB006534A9 /* EZKit */ = {
			isa = PBXNativeTarget;
			buildConfigurationList = 7778B6EC1CE491DB006534A9 /* Build configuration list for PBXNativeTarget "EZKit" */;
			buildPhases = (
				788D604B2ACBFE56EAA00EA2 /* 📦 Check Pods Manifest.lock */,
				7778B6D11CE491DB006534A9 /* Sources */,
				7778B6D21CE491DB006534A9 /* Frameworks */,
				7778B6D31CE491DB006534A9 /* Resources */,
				7DE174CC0FB8969A74EE31D7 /* 📦 Embed Pods Frameworks */,
				66E32AB3B11D2C0E1CB72BFA /* 📦 Copy Pods Resources */,
			);
			buildRules = (
			);
			dependencies = (
			);
			name = EZKit;
			productName = EZKit;
			productReference = 7778B6D51CE491DB006534A9 /* EZKit.app */;
			productType = "com.apple.product-type.application";
		};
/* End PBXNativeTarget section */

/* Begin PBXProject section */
		7778B6CD1CE491DB006534A9 /* Project object */ = {
			isa = PBXProject;
			attributes = {
				LastUpgradeCheck = 0730;
				ORGANIZATIONNAME = Ezreal;
				TargetAttributes = {
					7778B6D41CE491DB006534A9 = {
						CreatedOnToolsVersion = 7.3.1;
					};
				};
			};
			buildConfigurationList = 7778B6D01CE491DB006534A9 /* Build configuration list for PBXProject "EZKit" */;
			compatibilityVersion = "Xcode 3.2";
			developmentRegion = English;
			hasScannedForEncodings = 0;
			knownRegions = (
				en,
				Base,
			);
			mainGroup = 7778B6CC1CE491DB006534A9;
			productRefGroup = 7778B6D61CE491DB006534A9 /* Products */;
			projectDirPath = "";
			projectRoot = "";
			targets = (
				7778B6D41CE491DB006534A9 /* EZKit */,
			);
		};
/* End PBXProject section */

/* Begin PBXResourcesBuildPhase section */
		7778B6D31CE491DB006534A9 /* Resources */ = {
			isa = PBXResourcesBuildPhase;
			buildActionMask = 2147483647;
			files = (
				7778B6E81CE491DB006534A9 /* LaunchScreen.storyboard in Resources */,
				7778B6E51CE491DB006534A9 /* Assets.xcassets in Resources */,
				7778B6E31CE491DB006534A9 /* Main.storyboard in Resources */,
			);
			runOnlyForDeploymentPostprocessing = 0;
		};
/* End PBXResourcesBuildPhase section */

/* Begin PBXShellScriptBuildPhase section */
		66E32AB3B11D2C0E1CB72BFA /* 📦 Copy Pods Resources */ = {
			isa = PBXShellScriptBuildPhase;
			buildActionMask = 2147483647;
			files = (
			);
			inputPaths = (
			);
			name = "📦 Copy Pods Resources";
			outputPaths = (
			);
			runOnlyForDeploymentPostprocessing = 0;
			shellPath = /bin/sh;
			shellScript = "\"${SRCROOT}/Pods/Target Support Files/Pods-EZKit/Pods-EZKit-resources.sh\"\n";
			showEnvVarsInLog = 0;
		};
		788D604B2ACBFE56EAA00EA2 /* 📦 Check Pods Manifest.lock */ = {
			isa = PBXShellScriptBuildPhase;
			buildActionMask = 2147483647;
			files = (
			);
			inputPaths = (
			);
			name = "📦 Check Pods Manifest.lock";
			outputPaths = (
			);
			runOnlyForDeploymentPostprocessing = 0;
			shellPath = /bin/sh;
			shellScript = "diff \"${PODS_ROOT}/../Podfile.lock\" \"${PODS_ROOT}/Manifest.lock\" > /dev/null\nif [[ $? != 0 ]] ; then\n    cat << EOM\nerror: The sandbox is not in sync with the Podfile.lock. Run 'pod install' or update your CocoaPods installation.\nEOM\n    exit 1\nfi\n";
			showEnvVarsInLog = 0;
		};
		7DE174CC0FB8969A74EE31D7 /* 📦 Embed Pods Frameworks */ = {
			isa = PBXShellScriptBuildPhase;
			buildActionMask = 2147483647;
			files = (
			);
			inputPaths = (
			);
			name = "📦 Embed Pods Frameworks";
			outputPaths = (
			);
			runOnlyForDeploymentPostprocessing = 0;
			shellPath = /bin/sh;
			shellScript = "\"${SRCROOT}/Pods/Target Support Files/Pods-EZKit/Pods-EZKit-frameworks.sh\"\n";
			showEnvVarsInLog = 0;
		};
/* End PBXShellScriptBuildPhase section */

/* Begin PBXSourcesBuildPhase section */
		7778B6D11CE491DB006534A9 /* Sources */ = {
			isa = PBXSourcesBuildPhase;
			buildActionMask = 2147483647;
			files = (
				778D1C011CE4DCE400E9619C /* Argument.m in Sources */,
				7778B7201CE4922C006534A9 /* UIView+EZKit.m in Sources */,
				7778B7221CE4922C006534A9 /* EZCacheManager.m in Sources */,
				77FDF21C1CE6E91100B21E2E /* NSString+MJExtension.m in Sources */,
				77FDF2181CE6E91100B21E2E /* NSObject+MJClass.m in Sources */,
				77FDF21A1CE6E91100B21E2E /* NSObject+MJKeyValue.m in Sources */,
				77FDF2141CE6E91100B21E2E /* MJFoundation.m in Sources */,
				7778B71A1CE4922C006534A9 /* NSArray+EZKit.m in Sources */,
				7778B7301CE492FD006534A9 /* CustomViewController.m in Sources */,
				7778B71B1CE4922C006534A9 /* NSDictionary+EZKit.m in Sources */,
				7778B7241CE4922C006534A9 /* EZHudManager.m in Sources */,
				7778B6E01CE491DB006534A9 /* ViewController.m in Sources */,
				7778B7181CE4922C006534A9 /* EZDismissAlertAnimator.m in Sources */,
				77FDF1FC1CE6CF0B00B21E2E /* Model.m in Sources */,
				77FDF21B1CE6E91100B21E2E /* NSObject+MJProperty.m in Sources */,
				7778B71F1CE4922C006534A9 /* UIColor+EZKit.m in Sources */,
				778D1C041CE4F8E200E9619C /* EZNetworkArgument.m in Sources */,
				77FDF2161CE6E91100B21E2E /* MJPropertyKey.m in Sources */,
				7778B7271CE4922C006534A9 /* EZNetworkConfig.m in Sources */,
				77FDF2171CE6E91100B21E2E /* MJPropertyType.m in Sources */,
				7778B6DD1CE491DB006534A9 /* AppDelegate.m in Sources */,
				77FDF2131CE6E91100B21E2E /* MJExtensionConst.m in Sources */,
				7778B71C1CE4922C006534A9 /* NSMutableArray+EZKit.m in Sources */,
				7778B72B1CE492EF006534A9 /* TestApi.m in Sources */,
				7778B7211CE4922C006534A9 /* UIViewController+EZKit.m in Sources */,
				7778B6DA1CE491DB006534A9 /* main.m in Sources */,
				7778B7231CE4922C006534A9 /* EZDeviceManager.m in Sources */,
				7778B71E1CE4922C006534A9 /* NSString+EZKit.m in Sources */,
				7778B7251CE4922C006534A9 /* EZNetworkAgent.m in Sources */,
				77FDF2151CE6E91100B21E2E /* MJProperty.m in Sources */,
				7778B7191CE4922C006534A9 /* EZPresentAlertAnimator.m in Sources */,
				77FDF2191CE6E91100B21E2E /* NSObject+MJCoding.m in Sources */,
				7778B7281CE4922C006534A9 /* EZRequest.m in Sources */,
				7778B71D1CE4922C006534A9 /* NSObject+EZKit.m in Sources */,
				7778B7311CE492FD006534A9 /* TestViewController.m in Sources */,
			);
			runOnlyForDeploymentPostprocessing = 0;
		};
/* End PBXSourcesBuildPhase section */

/* Begin PBXVariantGroup section */
		7778B6E11CE491DB006534A9 /* Main.storyboard */ = {
			isa = PBXVariantGroup;
			children = (
				7778B6E21CE491DB006534A9 /* Base */,
			);
			name = Main.storyboard;
			sourceTree = "<group>";
		};
		7778B6E61CE491DB006534A9 /* LaunchScreen.storyboard */ = {
			isa = PBXVariantGroup;
			children = (
				7778B6E71CE491DB006534A9 /* Base */,
			);
			name = LaunchScreen.storyboard;
			sourceTree = "<group>";
		};
/* End PBXVariantGroup section */

/* Begin XCBuildConfiguration section */
		7778B6EA1CE491DB006534A9 /* Debug */ = {
			isa = XCBuildConfiguration;
			buildSettings = {
				ALWAYS_SEARCH_USER_PATHS = NO;
				CLANG_ANALYZER_NONNULL = YES;
				CLANG_CXX_LANGUAGE_STANDARD = "gnu++0x";
				CLANG_CXX_LIBRARY = "libc++";
				CLANG_ENABLE_MODULES = YES;
				CLANG_ENABLE_OBJC_ARC = YES;
				CLANG_WARN_BOOL_CONVERSION = YES;
				CLANG_WARN_CONSTANT_CONVERSION = YES;
				CLANG_WARN_DIRECT_OBJC_ISA_USAGE = YES_ERROR;
				CLANG_WARN_EMPTY_BODY = YES;
				CLANG_WARN_ENUM_CONVERSION = YES;
				CLANG_WARN_INT_CONVERSION = YES;
				CLANG_WARN_OBJC_ROOT_CLASS = YES_ERROR;
				CLANG_WARN_UNREACHABLE_CODE = YES;
				CLANG_WARN__DUPLICATE_METHOD_MATCH = YES;
				"CODE_SIGN_IDENTITY[sdk=iphoneos*]" = "iPhone Developer";
				COPY_PHASE_STRIP = NO;
				DEBUG_INFORMATION_FORMAT = dwarf;
				ENABLE_STRICT_OBJC_MSGSEND = YES;
				ENABLE_TESTABILITY = YES;
				GCC_C_LANGUAGE_STANDARD = gnu99;
				GCC_DYNAMIC_NO_PIC = NO;
				GCC_NO_COMMON_BLOCKS = YES;
				GCC_OPTIMIZATION_LEVEL = 0;
				GCC_PREPROCESSOR_DEFINITIONS = (
					"DEBUG=1",
					"$(inherited)",
				);
				GCC_WARN_64_TO_32_BIT_CONVERSION = YES;
				GCC_WARN_ABOUT_RETURN_TYPE = YES_ERROR;
				GCC_WARN_UNDECLARED_SELECTOR = YES;
				GCC_WARN_UNINITIALIZED_AUTOS = YES_AGGRESSIVE;
				GCC_WARN_UNUSED_FUNCTION = YES;
				GCC_WARN_UNUSED_VARIABLE = YES;
				IPHONEOS_DEPLOYMENT_TARGET = 9.3;
				MTL_ENABLE_DEBUG_INFO = YES;
				ONLY_ACTIVE_ARCH = YES;
				SDKROOT = iphoneos;
				TARGETED_DEVICE_FAMILY = "1,2";
			};
			name = Debug;
		};
		7778B6EB1CE491DB006534A9 /* Release */ = {
			isa = XCBuildConfiguration;
			buildSettings = {
				ALWAYS_SEARCH_USER_PATHS = NO;
				CLANG_ANALYZER_NONNULL = YES;
				CLANG_CXX_LANGUAGE_STANDARD = "gnu++0x";
				CLANG_CXX_LIBRARY = "libc++";
				CLANG_ENABLE_MODULES = YES;
				CLANG_ENABLE_OBJC_ARC = YES;
				CLANG_WARN_BOOL_CONVERSION = YES;
				CLANG_WARN_CONSTANT_CONVERSION = YES;
				CLANG_WARN_DIRECT_OBJC_ISA_USAGE = YES_ERROR;
				CLANG_WARN_EMPTY_BODY = YES;
				CLANG_WARN_ENUM_CONVERSION = YES;
				CLANG_WARN_INT_CONVERSION = YES;
				CLANG_WARN_OBJC_ROOT_CLASS = YES_ERROR;
				CLANG_WARN_UNREACHABLE_CODE = YES;
				CLANG_WARN__DUPLICATE_METHOD_MATCH = YES;
				"CODE_SIGN_IDENTITY[sdk=iphoneos*]" = "iPhone Developer";
				COPY_PHASE_STRIP = NO;
				DEBUG_INFORMATION_FORMAT = "dwarf-with-dsym";
				ENABLE_NS_ASSERTIONS = NO;
				ENABLE_STRICT_OBJC_MSGSEND = YES;
				GCC_C_LANGUAGE_STANDARD = gnu99;
				GCC_NO_COMMON_BLOCKS = YES;
				GCC_WARN_64_TO_32_BIT_CONVERSION = YES;
				GCC_WARN_ABOUT_RETURN_TYPE = YES_ERROR;
				GCC_WARN_UNDECLARED_SELECTOR = YES;
				GCC_WARN_UNINITIALIZED_AUTOS = YES_AGGRESSIVE;
				GCC_WARN_UNUSED_FUNCTION = YES;
				GCC_WARN_UNUSED_VARIABLE = YES;
				IPHONEOS_DEPLOYMENT_TARGET = 9.3;
				MTL_ENABLE_DEBUG_INFO = NO;
				SDKROOT = iphoneos;
				TARGETED_DEVICE_FAMILY = "1,2";
				VALIDATE_PRODUCT = YES;
			};
			name = Release;
		};
		7778B6ED1CE491DB006534A9 /* Debug */ = {
			isa = XCBuildConfiguration;
			baseConfigurationReference = AF375DA0B7BDA81FD8DAAC54 /* Pods-EZKit.debug.xcconfig */;
			buildSettings = {
				ASSETCATALOG_COMPILER_APPICON_NAME = AppIcon;
				INFOPLIST_FILE = EZKit/Info.plist;
				LD_RUNPATH_SEARCH_PATHS = "$(inherited) @executable_path/Frameworks";
				PRODUCT_BUNDLE_IDENTIFIER = "com.zhen-xie.EZKit";
				PRODUCT_NAME = "$(TARGET_NAME)";
			};
			name = Debug;
		};
		7778B6EE1CE491DB006534A9 /* Release */ = {
			isa = XCBuildConfiguration;
			baseConfigurationReference = 19FFF69EEB938D789E57B60E /* Pods-EZKit.release.xcconfig */;
			buildSettings = {
				ASSETCATALOG_COMPILER_APPICON_NAME = AppIcon;
				INFOPLIST_FILE = EZKit/Info.plist;
				LD_RUNPATH_SEARCH_PATHS = "$(inherited) @executable_path/Frameworks";
				PRODUCT_BUNDLE_IDENTIFIER = "com.zhen-xie.EZKit";
				PRODUCT_NAME = "$(TARGET_NAME)";
			};
			name = Release;
		};
/* End XCBuildConfiguration section */

/* Begin XCConfigurationList section */
		7778B6D01CE491DB006534A9 /* Build configuration list for PBXProject "EZKit" */ = {
			isa = XCConfigurationList;
			buildConfigurations = (
				7778B6EA1CE491DB006534A9 /* Debug */,
				7778B6EB1CE491DB006534A9 /* Release */,
			);
			defaultConfigurationIsVisible = 0;
			defaultConfigurationName = Release;
		};
		7778B6EC1CE491DB006534A9 /* Build configuration list for PBXNativeTarget "EZKit" */ = {
			isa = XCConfigurationList;
			buildConfigurations = (
				7778B6ED1CE491DB006534A9 /* Debug */,
				7778B6EE1CE491DB006534A9 /* Release */,
			);
			defaultConfigurationIsVisible = 0;
			defaultConfigurationName = Release;
		};
/* End XCConfigurationList section */
	};
	rootObject = 7778B6CD1CE491DB006534A9 /* Project object */;
}
