PODS:
  - AFNetworking (3.1.0):
    - AFNetworking/NSURLSession (= 3.1.0)
    - AFNetworking/Reachability (= 3.1.0)
    - AFNetworking/Security (= 3.1.0)
    - AFNetworking/Serialization (= 3.1.0)
    - AFNetworking/UIKit (= 3.1.0)
  - AFNetworking/NSURLSession (3.1.0):
    - AFNetworking/Reachability
    - AFNetworking/Security
    - AFNetworking/Serialization
  - AFNetworking/Reachability (3.1.0)
  - AFNetworking/Security (3.1.0)
  - AFNetworking/Serialization (3.1.0)
  - AFNetworking/UIKit (3.1.0):
    - AFNetworking/NSURLSession
  - FCUUID (1.2.0):
    - UICKeyChainStore (~> 2.1.0)
  - FMDB (2.6.2):
    - FMDB/standard (= 2.6.2)
  - FMDB/standard (2.6.2)
  - Masonry (1.0.1)
  - MBProgressHUD (0.9.2)
  - pop (1.0.9)
  - UICKeyChainStore (2.1.0)

DEPENDENCIES:
  - AFNetworking
  - FCUUID
  - FMDB
  - Masonry
  - MBProgressHUD (~> 0.9.2)
  - pop

SPEC CHECKSUMS:
  AFNetworking: 5e0e199f73d8626b11e79750991f5d173d1f8b67
  FCUUID: 9bfe031d35b7c221a7c66156a0af45d4eb49c3b6
  FMDB: 854a0341b4726e53276f2a8996f06f1b80f9259a
  Masonry: a1a931a0d08870ed8ae415a2ea5ea68ebcac77df
  MBProgressHUD: 1569cf7ace17a8bac47aabfbb8580a49690386d1
  pop: f667631a5108a2e60d9e8797c9b32ddaf2080bce
  UICKeyChainStore: f1cbd42216a113f0165de1e733e62905b8823432

PODFILE CHECKSUM: ff2c14a65f68ca7fef70aa3dea972894b0a24b06

COCOAPODS: 1.0.1
